
Microsoft Visual Studio Solution File, Format Version 12.00
# Visual Studio Version 16
VisualStudioVersion = 16.0.30011.22
MinimumVisualStudioVersion = 10.0.40219.1
Project("{9A19103F-16F7-4668-BE54-9A1E7A4F7556}") = "IdentityServerCore.App", "IdentityServer.App\IdentityServerCore.App.csproj", "{A68EE824-47B8-485D-9954-CE9A09F1B98F}"
EndProject
Project("{9A19103F-16F7-4668-BE54-9A1E7A4F7556}") = "IdentityServer.Core", "IdentityServer.Core\IdentityServer.Core.csproj", "{AB651999-096D-4995-BB81-9FE8FC19F7DA}"
EndProject
Project("{9A19103F-16F7-4668-BE54-9A1E7A4F7556}") = "IdentityServer.Client", "IdentityServer.Client\IdentityServer.Client.csproj", "{FB135C88-FA15-48A2-833C-2AFD896D9E9D}"
EndProject
Global
	GlobalSection(SolutionConfigurationPlatforms) = preSolution
		Debug|Any CPU = Debug|Any CPU
		Release|Any CPU = Release|Any CPU
	EndGlobalSection
	GlobalSection(ProjectConfigurationPlatforms) = postSolution
		{A68EE824-47B8-485D-9954-CE9A09F1B98F}.Debug|Any CPU.ActiveCfg = Debug|Any CPU
		{A68EE824-47B8-485D-9954-CE9A09F1B98F}.Debug|Any CPU.Build.0 = Debug|Any CPU
		{A68EE824-47B8-485D-9954-CE9A09F1B98F}.Release|Any CPU.ActiveCfg = Release|Any CPU
		{A68EE824-47B8-485D-9954-CE9A09F1B98F}.Release|Any CPU.Build.0 = Release|Any CPU
		{AB651999-096D-4995-BB81-9FE8FC19F7DA}.Debug|Any CPU.ActiveCfg = Debug|Any CPU
		{AB651999-096D-4995-BB81-9FE8FC19F7DA}.Debug|Any CPU.Build.0 = Debug|Any CPU
		{AB651999-096D-4995-BB81-9FE8FC19F7DA}.Release|Any CPU.ActiveCfg = Release|Any CPU
		{AB651999-096D-4995-BB81-9FE8FC19F7DA}.Release|Any CPU.Build.0 = Release|Any CPU
		{FB135C88-FA15-48A2-833C-2AFD896D9E9D}.Debug|Any CPU.ActiveCfg = Debug|Any CPU
		{FB135C88-FA15-48A2-833C-2AFD896D9E9D}.Debug|Any CPU.Build.0 = Debug|Any CPU
		{FB135C88-FA15-48A2-833C-2AFD896D9E9D}.Release|Any CPU.ActiveCfg = Release|Any CPU
		{FB135C88-FA15-48A2-833C-2AFD896D9E9D}.Release|Any CPU.Build.0 = Release|Any CPU
	EndGlobalSection
	GlobalSection(SolutionProperties) = preSolution
		HideSolutionNode = FALSE
	EndGlobalSection
	GlobalSection(ExtensibilityGlobals) = postSolution
		SolutionGuid = {09550A55-9E1E-4DEA-82E6-C9FDF2666166}
	EndGlobalSection
EndGlobal
